
Microsoft Visual Studio Solution File, Format Version 12.00
# Visual Studio 2013
VisualStudioVersion = 12.0.40629.0
MinimumVisualStudioVersion = 10.0.40219.1
Project("{2150E333-8FDC-42A3-9474-1A3956D46DE8}") = "Log4NetDemo", "Log4NetDemo", "{56ADDC14-FB37-49A6-A2B5-C3FA03668F7C}"
EndProject
Project("{FAE04EC0-301F-11D3-BF4B-00C04F79EFBC}") = "Log4NetDemo", "Log4NetDemo\Log4NetDemo.csproj", "{8C0BF22C-2566-4EF9-B2FC-1D5D4F1DBC88}"
EndProject
Project("{2150E333-8FDC-42A3-9474-1A3956D46DE8}") = "IoCDemo", "IoCDemo", "{8D69F8F4-CC13-4D11-BE41-D12429D2E740}"
EndProject
Project("{FAE04EC0-301F-11D3-BF4B-00C04F79EFBC}") = "Autofac", "Autofac\Autofac.csproj", "{DD5FB494-AAED-446D-B86B-5CD9A3961168}"
EndProject
Project("{2150E333-8FDC-42A3-9474-1A3956D46DE8}") = "WorkflowDemo", "WorkflowDemo", "{24D222AD-10C9-4A7A-B3D2-3AEFC9BCC80C}"
EndProject
Project("{FAE04EC0-301F-11D3-BF4B-00C04F79EFBC}") = "WorkflowDemo", "WorkflowDemo\WorkflowDemo.csproj", "{4D438AE5-6604-4399-B99B-60D967A009BC}"
EndProject
Project("{2150E333-8FDC-42A3-9474-1A3956D46DE8}") = "DotNet.Utilities", "DotNet.Utilities", "{CC042309-1FB5-4ACB-9FD8-A100BAFCF8CF}"
EndProject
Project("{FAE04EC0-301F-11D3-BF4B-00C04F79EFBC}") = "DotNet.Utilities", "DotNet.Utilities\DotNet.Utilities.csproj", "{0A9704F9-7864-45AF-BFA7-E09F2B30A29F}"
EndProject
Project("{FAE04EC0-301F-11D3-BF4B-00C04F79EFBC}") = "MvcDemo", "MvcDemo\MvcDemo.csproj", "{6317B276-1319-4320-9697-64A9FA849D0F}"
EndProject
Project("{FAE04EC0-301F-11D3-BF4B-00C04F79EFBC}") = "Json", "Json\Json.csproj", "{2759F121-4C20-4B86-BC6D-DAE8F930AD89}"
EndProject
Project("{2150E333-8FDC-42A3-9474-1A3956D46DE8}") = "EntiyFramework", "EntiyFramework", "{8E6148CC-9D65-414B-B17F-3148AD241A4D}"
EndProject
Project("{FAE04EC0-301F-11D3-BF4B-00C04F79EFBC}") = "EFConsole", "EFConsole\EFConsole.csproj", "{F3A05879-8F41-47BA-BF3B-1E20CE3BAE68}"
EndProject
Project("{FAE04EC0-301F-11D3-BF4B-00C04F79EFBC}") = "EF.Mapper", "EF.Mapper\EF.Mapper.csproj", "{6E6B9309-A3DB-4DA2-AF1E-9D0DAB7E1FA1}"
EndProject
Project("{FAE04EC0-301F-11D3-BF4B-00C04F79EFBC}") = "EF.Model", "EF.Model\EF.Model.csproj", "{8BC0F798-9AD9-407F-911B-EC37FAE18866}"
EndProject
Project("{FAE04EC0-301F-11D3-BF4B-00C04F79EFBC}") = "EF", "EF\EF.csproj", "{BDF0B7F5-B84D-4282-8E7E-BF5181BB68A2}"
EndProject
Project("{2150E333-8FDC-42A3-9474-1A3956D46DE8}") = "Quertz.net", "Quertz.net", "{FB14045D-8BB7-4F12-96D2-62B2D06F6324}"
EndProject
Project("{FAE04EC0-301F-11D3-BF4B-00C04F79EFBC}") = "Quertz.net.demo", "Quertz.net.demo\Quertz.net.demo.csproj", "{64878F21-9F9E-4D71-A5D3-3B7A7C0DF562}"
EndProject
Project("{FAE04EC0-301F-11D3-BF4B-00C04F79EFBC}") = "ChiakiYu", "ChiakiYu\ChiakiYu.csproj", "{331F88C4-6105-4EC5-8409-4910AC144DC2}"
EndProject
Global
	GlobalSection(SolutionConfigurationPlatforms) = preSolution
		Debug|Any CPU = Debug|Any CPU
		Debug|Mixed Platforms = Debug|Mixed Platforms
		Debug|x86 = Debug|x86
		Release|Any CPU = Release|Any CPU
		Release|Mixed Platforms = Release|Mixed Platforms
		Release|x86 = Release|x86
	EndGlobalSection
	GlobalSection(ProjectConfigurationPlatforms) = postSolution
		{8C0BF22C-2566-4EF9-B2FC-1D5D4F1DBC88}.Debug|Any CPU.ActiveCfg = Debug|Any CPU
		{8C0BF22C-2566-4EF9-B2FC-1D5D4F1DBC88}.Debug|Any CPU.Build.0 = Debug|Any CPU
		{8C0BF22C-2566-4EF9-B2FC-1D5D4F1DBC88}.Debug|Mixed Platforms.ActiveCfg = Debug|Any CPU
		{8C0BF22C-2566-4EF9-B2FC-1D5D4F1DBC88}.Debug|Mixed Platforms.Build.0 = Debug|Any CPU
		{8C0BF22C-2566-4EF9-B2FC-1D5D4F1DBC88}.Debug|x86.ActiveCfg = Debug|Any CPU
		{8C0BF22C-2566-4EF9-B2FC-1D5D4F1DBC88}.Release|Any CPU.ActiveCfg = Release|Any CPU
		{8C0BF22C-2566-4EF9-B2FC-1D5D4F1DBC88}.Release|Any CPU.Build.0 = Release|Any CPU
		{8C0BF22C-2566-4EF9-B2FC-1D5D4F1DBC88}.Release|Mixed Platforms.ActiveCfg = Release|Any CPU
		{8C0BF22C-2566-4EF9-B2FC-1D5D4F1DBC88}.Release|Mixed Platforms.Build.0 = Release|Any CPU
		{8C0BF22C-2566-4EF9-B2FC-1D5D4F1DBC88}.Release|x86.ActiveCfg = Release|Any CPU
		{DD5FB494-AAED-446D-B86B-5CD9A3961168}.Debug|Any CPU.ActiveCfg = Debug|Any CPU
		{DD5FB494-AAED-446D-B86B-5CD9A3961168}.Debug|Any CPU.Build.0 = Debug|Any CPU
		{DD5FB494-AAED-446D-B86B-5CD9A3961168}.Debug|Mixed Platforms.ActiveCfg = Debug|Any CPU
		{DD5FB494-AAED-446D-B86B-5CD9A3961168}.Debug|Mixed Platforms.Build.0 = Debug|Any CPU
		{DD5FB494-AAED-446D-B86B-5CD9A3961168}.Debug|x86.ActiveCfg = Debug|Any CPU
		{DD5FB494-AAED-446D-B86B-5CD9A3961168}.Release|Any CPU.ActiveCfg = Release|Any CPU
		{DD5FB494-AAED-446D-B86B-5CD9A3961168}.Release|Any CPU.Build.0 = Release|Any CPU
		{DD5FB494-AAED-446D-B86B-5CD9A3961168}.Release|Mixed Platforms.ActiveCfg = Release|Any CPU
		{DD5FB494-AAED-446D-B86B-5CD9A3961168}.Release|Mixed Platforms.Build.0 = Release|Any CPU
		{DD5FB494-AAED-446D-B86B-5CD9A3961168}.Release|x86.ActiveCfg = Release|Any CPU
		{4D438AE5-6604-4399-B99B-60D967A009BC}.Debug|Any CPU.ActiveCfg = Debug|x86
		{4D438AE5-6604-4399-B99B-60D967A009BC}.Debug|Mixed Platforms.ActiveCfg = Debug|x86
		{4D438AE5-6604-4399-B99B-60D967A009BC}.Debug|Mixed Platforms.Build.0 = Debug|x86
		{4D438AE5-6604-4399-B99B-60D967A009BC}.Debug|x86.ActiveCfg = Debug|x86
		{4D438AE5-6604-4399-B99B-60D967A009BC}.Debug|x86.Build.0 = Debug|x86
		{4D438AE5-6604-4399-B99B-60D967A009BC}.Release|Any CPU.ActiveCfg = Release|x86
		{4D438AE5-6604-4399-B99B-60D967A009BC}.Release|Mixed Platforms.ActiveCfg = Release|x86
		{4D438AE5-6604-4399-B99B-60D967A009BC}.Release|Mixed Platforms.Build.0 = Release|x86
		{4D438AE5-6604-4399-B99B-60D967A009BC}.Release|x86.ActiveCfg = Release|x86
		{4D438AE5-6604-4399-B99B-60D967A009BC}.Release|x86.Build.0 = Release|x86
		{0A9704F9-7864-45AF-BFA7-E09F2B30A29F}.Debug|Any CPU.ActiveCfg = Debug|Any CPU
		{0A9704F9-7864-45AF-BFA7-E09F2B30A29F}.Debug|Any CPU.Build.0 = Debug|Any CPU
		{0A9704F9-7864-45AF-BFA7-E09F2B30A29F}.Debug|Mixed Platforms.ActiveCfg = Debug|Any CPU
		{0A9704F9-7864-45AF-BFA7-E09F2B30A29F}.Debug|Mixed Platforms.Build.0 = Debug|Any CPU
		{0A9704F9-7864-45AF-BFA7-E09F2B30A29F}.Debug|x86.ActiveCfg = Debug|Any CPU
		{0A9704F9-7864-45AF-BFA7-E09F2B30A29F}.Release|Any CPU.ActiveCfg = Release|Any CPU
		{0A9704F9-7864-45AF-BFA7-E09F2B30A29F}.Release|Any CPU.Build.0 = Release|Any CPU
		{0A9704F9-7864-45AF-BFA7-E09F2B30A29F}.Release|Mixed Platforms.ActiveCfg = Release|Any CPU
		{0A9704F9-7864-45AF-BFA7-E09F2B30A29F}.Release|Mixed Platforms.Build.0 = Release|Any CPU
		{0A9704F9-7864-45AF-BFA7-E09F2B30A29F}.Release|x86.ActiveCfg = Release|Any CPU
		{6317B276-1319-4320-9697-64A9FA849D0F}.Debug|Any CPU.ActiveCfg = Debug|Any CPU
		{6317B276-1319-4320-9697-64A9FA849D0F}.Debug|Any CPU.Build.0 = Debug|Any CPU
		{6317B276-1319-4320-9697-64A9FA849D0F}.Debug|Mixed Platforms.ActiveCfg = Debug|Any CPU
		{6317B276-1319-4320-9697-64A9FA849D0F}.Debug|Mixed Platforms.Build.0 = Debug|Any CPU
		{6317B276-1319-4320-9697-64A9FA849D0F}.Debug|x86.ActiveCfg = Debug|Any CPU
		{6317B276-1319-4320-9697-64A9FA849D0F}.Release|Any CPU.ActiveCfg = Release|Any CPU
		{6317B276-1319-4320-9697-64A9FA849D0F}.Release|Any CPU.Build.0 = Release|Any CPU
		{6317B276-1319-4320-9697-64A9FA849D0F}.Release|Mixed Platforms.ActiveCfg = Release|Any CPU
		{6317B276-1319-4320-9697-64A9FA849D0F}.Release|Mixed Platforms.Build.0 = Release|Any CPU
		{6317B276-1319-4320-9697-64A9FA849D0F}.Release|x86.ActiveCfg = Release|Any CPU
		{2759F121-4C20-4B86-BC6D-DAE8F930AD89}.Debug|Any CPU.ActiveCfg = Debug|Any CPU
		{2759F121-4C20-4B86-BC6D-DAE8F930AD89}.Debug|Any CPU.Build.0 = Debug|Any CPU
		{2759F121-4C20-4B86-BC6D-DAE8F930AD89}.Debug|Mixed Platforms.ActiveCfg = Debug|Any CPU
		{2759F121-4C20-4B86-BC6D-DAE8F930AD89}.Debug|Mixed Platforms.Build.0 = Debug|Any CPU
		{2759F121-4C20-4B86-BC6D-DAE8F930AD89}.Debug|x86.ActiveCfg = Debug|Any CPU
		{2759F121-4C20-4B86-BC6D-DAE8F930AD89}.Release|Any CPU.ActiveCfg = Release|Any CPU
		{2759F121-4C20-4B86-BC6D-DAE8F930AD89}.Release|Any CPU.Build.0 = Release|Any CPU
		{2759F121-4C20-4B86-BC6D-DAE8F930AD89}.Release|Mixed Platforms.ActiveCfg = Release|Any CPU
		{2759F121-4C20-4B86-BC6D-DAE8F930AD89}.Release|Mixed Platforms.Build.0 = Release|Any CPU
		{2759F121-4C20-4B86-BC6D-DAE8F930AD89}.Release|x86.ActiveCfg = Release|Any CPU
		{F3A05879-8F41-47BA-BF3B-1E20CE3BAE68}.Debug|Any CPU.ActiveCfg = Debug|Any CPU
		{F3A05879-8F41-47BA-BF3B-1E20CE3BAE68}.Debug|Any CPU.Build.0 = Debug|Any CPU
		{F3A05879-8F41-47BA-BF3B-1E20CE3BAE68}.Debug|Mixed Platforms.ActiveCfg = Debug|Any CPU
		{F3A05879-8F41-47BA-BF3B-1E20CE3BAE68}.Debug|Mixed Platforms.Build.0 = Debug|Any CPU
		{F3A05879-8F41-47BA-BF3B-1E20CE3BAE68}.Debug|x86.ActiveCfg = Debug|Any CPU
		{F3A05879-8F41-47BA-BF3B-1E20CE3BAE68}.Release|Any CPU.ActiveCfg = Release|Any CPU
		{F3A05879-8F41-47BA-BF3B-1E20CE3BAE68}.Release|Any CPU.Build.0 = Release|Any CPU
		{F3A05879-8F41-47BA-BF3B-1E20CE3BAE68}.Release|Mixed Platforms.ActiveCfg = Release|Any CPU
		{F3A05879-8F41-47BA-BF3B-1E20CE3BAE68}.Release|Mixed Platforms.Build.0 = Release|Any CPU
		{F3A05879-8F41-47BA-BF3B-1E20CE3BAE68}.Release|x86.ActiveCfg = Release|Any CPU
		{6E6B9309-A3DB-4DA2-AF1E-9D0DAB7E1FA1}.Debug|Any CPU.ActiveCfg = Debug|Any CPU
		{6E6B9309-A3DB-4DA2-AF1E-9D0DAB7E1FA1}.Debug|Any CPU.Build.0 = Debug|Any CPU
		{6E6B9309-A3DB-4DA2-AF1E-9D0DAB7E1FA1}.Debug|Mixed Platforms.ActiveCfg = Debug|Any CPU
		{6E6B9309-A3DB-4DA2-AF1E-9D0DAB7E1FA1}.Debug|Mixed Platforms.Build.0 = Debug|Any CPU
		{6E6B9309-A3DB-4DA2-AF1E-9D0DAB7E1FA1}.Debug|x86.ActiveCfg = Debug|Any CPU
		{6E6B9309-A3DB-4DA2-AF1E-9D0DAB7E1FA1}.Release|Any CPU.ActiveCfg = Release|Any CPU
		{6E6B9309-A3DB-4DA2-AF1E-9D0DAB7E1FA1}.Release|Any CPU.Build.0 = Release|Any CPU
		{6E6B9309-A3DB-4DA2-AF1E-9D0DAB7E1FA1}.Release|Mixed Platforms.ActiveCfg = Release|Any CPU
		{6E6B9309-A3DB-4DA2-AF1E-9D0DAB7E1FA1}.Release|Mixed Platforms.Build.0 = Release|Any CPU
		{6E6B9309-A3DB-4DA2-AF1E-9D0DAB7E1FA1}.Release|x86.ActiveCfg = Release|Any CPU
		{8BC0F798-9AD9-407F-911B-EC37FAE18866}.Debug|Any CPU.ActiveCfg = Debug|Any CPU
		{8BC0F798-9AD9-407F-911B-EC37FAE18866}.Debug|Any CPU.Build.0 = Debug|Any CPU
		{8BC0F798-9AD9-407F-911B-EC37FAE18866}.Debug|Mixed Platforms.ActiveCfg = Debug|Any CPU
		{8BC0F798-9AD9-407F-911B-EC37FAE18866}.Debug|Mixed Platforms.Build.0 = Debug|Any CPU
		{8BC0F798-9AD9-407F-911B-EC37FAE18866}.Debug|x86.ActiveCfg = Debug|Any CPU
		{8BC0F798-9AD9-407F-911B-EC37FAE18866}.Release|Any CPU.ActiveCfg = Release|Any CPU
		{8BC0F798-9AD9-407F-911B-EC37FAE18866}.Release|Any CPU.Build.0 = Release|Any CPU
		{8BC0F798-9AD9-407F-911B-EC37FAE18866}.Release|Mixed Platforms.ActiveCfg = Release|Any CPU
		{8BC0F798-9AD9-407F-911B-EC37FAE18866}.Release|Mixed Platforms.Build.0 = Release|Any CPU
		{8BC0F798-9AD9-407F-911B-EC37FAE18866}.Release|x86.ActiveCfg = Release|Any CPU
		{BDF0B7F5-B84D-4282-8E7E-BF5181BB68A2}.Debug|Any CPU.ActiveCfg = Debug|Any CPU
		{BDF0B7F5-B84D-4282-8E7E-BF5181BB68A2}.Debug|Any CPU.Build.0 = Debug|Any CPU
		{BDF0B7F5-B84D-4282-8E7E-BF5181BB68A2}.Debug|Mixed Platforms.ActiveCfg = Debug|Any CPU
		{BDF0B7F5-B84D-4282-8E7E-BF5181BB68A2}.Debug|Mixed Platforms.Build.0 = Debug|Any CPU
		{BDF0B7F5-B84D-4282-8E7E-BF5181BB68A2}.Debug|x86.ActiveCfg = Debug|Any CPU
		{BDF0B7F5-B84D-4282-8E7E-BF5181BB68A2}.Release|Any CPU.ActiveCfg = Release|Any CPU
		{BDF0B7F5-B84D-4282-8E7E-BF5181BB68A2}.Release|Any CPU.Build.0 = Release|Any CPU
		{BDF0B7F5-B84D-4282-8E7E-BF5181BB68A2}.Release|Mixed Platforms.ActiveCfg = Release|Any CPU
		{BDF0B7F5-B84D-4282-8E7E-BF5181BB68A2}.Release|Mixed Platforms.Build.0 = Release|Any CPU
		{BDF0B7F5-B84D-4282-8E7E-BF5181BB68A2}.Release|x86.ActiveCfg = Release|Any CPU
		{64878F21-9F9E-4D71-A5D3-3B7A7C0DF562}.Debug|Any CPU.ActiveCfg = Debug|Any CPU
		{64878F21-9F9E-4D71-A5D3-3B7A7C0DF562}.Debug|Any CPU.Build.0 = Debug|Any CPU
		{64878F21-9F9E-4D71-A5D3-3B7A7C0DF562}.Debug|Mixed Platforms.ActiveCfg = Debug|Any CPU
		{64878F21-9F9E-4D71-A5D3-3B7A7C0DF562}.Debug|Mixed Platforms.Build.0 = Debug|Any CPU
		{64878F21-9F9E-4D71-A5D3-3B7A7C0DF562}.Debug|x86.ActiveCfg = Debug|Any CPU
		{64878F21-9F9E-4D71-A5D3-3B7A7C0DF562}.Release|Any CPU.ActiveCfg = Release|Any CPU
		{64878F21-9F9E-4D71-A5D3-3B7A7C0DF562}.Release|Any CPU.Build.0 = Release|Any CPU
		{64878F21-9F9E-4D71-A5D3-3B7A7C0DF562}.Release|Mixed Platforms.ActiveCfg = Release|Any CPU
		{64878F21-9F9E-4D71-A5D3-3B7A7C0DF562}.Release|Mixed Platforms.Build.0 = Release|Any CPU
		{64878F21-9F9E-4D71-A5D3-3B7A7C0DF562}.Release|x86.ActiveCfg = Release|Any CPU
		{331F88C4-6105-4EC5-8409-4910AC144DC2}.Debug|Any CPU.ActiveCfg = Debug|Any CPU
		{331F88C4-6105-4EC5-8409-4910AC144DC2}.Debug|Any CPU.Build.0 = Debug|Any CPU
		{331F88C4-6105-4EC5-8409-4910AC144DC2}.Debug|Mixed Platforms.ActiveCfg = Debug|Any CPU
		{331F88C4-6105-4EC5-8409-4910AC144DC2}.Debug|Mixed Platforms.Build.0 = Debug|Any CPU
		{331F88C4-6105-4EC5-8409-4910AC144DC2}.Debug|x86.ActiveCfg = Debug|Any CPU
		{331F88C4-6105-4EC5-8409-4910AC144DC2}.Release|Any CPU.ActiveCfg = Release|Any CPU
		{331F88C4-6105-4EC5-8409-4910AC144DC2}.Release|Any CPU.Build.0 = Release|Any CPU
		{331F88C4-6105-4EC5-8409-4910AC144DC2}.Release|Mixed Platforms.ActiveCfg = Release|Any CPU
		{331F88C4-6105-4EC5-8409-4910AC144DC2}.Release|Mixed Platforms.Build.0 = Release|Any CPU
		{331F88C4-6105-4EC5-8409-4910AC144DC2}.Release|x86.ActiveCfg = Release|Any CPU
	EndGlobalSection
	GlobalSection(SolutionProperties) = preSolution
		HideSolutionNode = FALSE
	EndGlobalSection
	GlobalSection(NestedProjects) = preSolution
		{8C0BF22C-2566-4EF9-B2FC-1D5D4F1DBC88} = {56ADDC14-FB37-49A6-A2B5-C3FA03668F7C}
		{DD5FB494-AAED-446D-B86B-5CD9A3961168} = {8D69F8F4-CC13-4D11-BE41-D12429D2E740}
		{4D438AE5-6604-4399-B99B-60D967A009BC} = {24D222AD-10C9-4A7A-B3D2-3AEFC9BCC80C}
		{0A9704F9-7864-45AF-BFA7-E09F2B30A29F} = {CC042309-1FB5-4ACB-9FD8-A100BAFCF8CF}
		{F3A05879-8F41-47BA-BF3B-1E20CE3BAE68} = {8E6148CC-9D65-414B-B17F-3148AD241A4D}
		{6E6B9309-A3DB-4DA2-AF1E-9D0DAB7E1FA1} = {8E6148CC-9D65-414B-B17F-3148AD241A4D}
		{8BC0F798-9AD9-407F-911B-EC37FAE18866} = {8E6148CC-9D65-414B-B17F-3148AD241A4D}
		{BDF0B7F5-B84D-4282-8E7E-BF5181BB68A2} = {8E6148CC-9D65-414B-B17F-3148AD241A4D}
		{64878F21-9F9E-4D71-A5D3-3B7A7C0DF562} = {FB14045D-8BB7-4F12-96D2-62B2D06F6324}
	EndGlobalSection
EndGlobal
